github.com/justlovediaodiao/https-proxy v1.0.0 h1:PgQPl0P0BhCxJmodWJWJTjx6BkU2K7T28nzJwwPKsVI=
github.com/justlovediaodiao/https-proxy v1.0.0/go.mod h1:c3RNm27DhFJ478LxX7FHAtXjL3ZEnk9FfTiF7Ukze7k=
github.com/justlovediaodiao/udp-over-tcp v0.0.0-20210125124315-e360f70b781d h1:frd6QqyfJSosOu+dx+PP5NZUApi1qI+40vFAHIlJq/4=
github.com/justlovediaodiao/udp-over-tcp v0.0.0-20210125124315-e360f70b781d/go.mod h1:QzWYpgFVaGA1bnErJqm72/RzFdB1W8w719FqcJ026pM=
