github.com/justlovediaodiao/https-proxy v0.0.0-20230327032611-2afeb928c0f9 h1:9rXyKjz8Wadq2SFx7mOPhbKhc6qNZfUlY8hw8MpVkWk=
github.com/justlovediaodiao/https-proxy v0.0.0-20230327032611-2afeb928c0f9/go.mod h1:MvMfyNPmLRitzBGofZMP7JmA6g46GXBueDdcLBxCYqg=
github.com/justlovediaodiao/udp-over-tcp v0.0.0-20230327031307-133023ec402e h1:uyOHoIYC8Z0EZG260/V2sV4akF6TQSUC+Ff0+nqnH44=
github.com/justlovediaodiao/udp-over-tcp v0.0.0-20230327031307-133023ec402e/go.mod h1:99Fit8tzQCaoeDTkQdLsDR9v5sDjrauyJf5b8l8+qs4=
